
Microsoft Visual Studio Solution File, Format Version 12.00
# Visual Studio Version 17
VisualStudioVersion = 17.10.34928.147
MinimumVisualStudioVersion = 10.0.40219.1
Project("{FAE04EC0-301F-11D3-BF4B-00C04F79EFBC}") = "Login_Taller_Babel", "Login_Taller_Babel\Login_Taller_Babel.csproj", "{83B8E319-EDED-49A5-836F-F1021302CAFE}"
EndProject
Global
	GlobalSection(SolutionConfigurationPlatforms) = preSolution
		Debug|Any CPU = Debug|Any CPU
		Release|Any CPU = Release|Any CPU
	EndGlobalSection
	GlobalSection(ProjectConfigurationPlatforms) = postSolution
		{83B8E319-EDED-49A5-836F-F1021302CAFE}.Debug|Any CPU.ActiveCfg = Debug|Any CPU
		{83B8E319-EDED-49A5-836F-F1021302CAFE}.Debug|Any CPU.Build.0 = Debug|Any CPU
		{83B8E319-EDED-49A5-836F-F1021302CAFE}.Release|Any CPU.ActiveCfg = Release|Any CPU
		{83B8E319-EDED-49A5-836F-F1021302CAFE}.Release|Any CPU.Build.0 = Release|Any CPU
	EndGlobalSection
	GlobalSection(SolutionProperties) = preSolution
		HideSolutionNode = FALSE
	EndGlobalSection
	GlobalSection(ExtensibilityGlobals) = postSolution
		SolutionGuid = {A121B72A-3D0E-4136-AD11-B1A6BA852267}
	EndGlobalSection
EndGlobal
